
Microsoft Visual Studio Solution File, Format Version 12.00
# Visual Studio Version 17
VisualStudioVersion = 17.0.31808.319
MinimumVisualStudioVersion = 15.0.26124.0
Project("{9A19103F-16F7-4668-BE54-9A1E7A4F7556}") = "TypeSharp", "TypeSharp\TypeSharp.csproj", "{7ADDDECA-5D5C-4994-96F0-C2DD8A7BCDDD}"
EndProject
Project("{2150E333-8FDC-42A3-9474-1A3956D46DE8}") = "Solution Items", "Solution Items", "{9ED89F71-4DCB-46FC-9A5D-F2259EF7A9EB}"
	ProjectSection(SolutionItems) = preProject
		LICENSE.md = LICENSE.md
		push.cmd = push.cmd
		README.cn.md = README.cn.md
		README.md = README.md
	EndProjectSection
EndProject
Project("{9A19103F-16F7-4668-BE54-9A1E7A4F7556}") = "TypeSharp.Antd", "TypeSharp.Antd\TypeSharp.Antd.csproj", "{5C5A1EDE-6F1F-4BC1-A73F-9935D0CCEDDB}"
EndProject
Project("{2150E333-8FDC-42A3-9474-1A3956D46DE8}") = "Tests", "Tests", "{F9B21760-A8A1-4E48-BDE7-6829BABC532B}"
EndProject
Project("{9A19103F-16F7-4668-BE54-9A1E7A4F7556}") = "TypeSharp.Test", "Tests\TypeSharp.Test\TypeSharp.Test.csproj", "{7FBB07D9-F7D3-432D-88D8-CC854C1B5DB0}"
EndProject
Project("{9A19103F-16F7-4668-BE54-9A1E7A4F7556}") = "TypeSharp.Cli.Test", "Tests\TypeSharp.Cli.Test\TypeSharp.Cli.Test.csproj", "{9B1999EA-AA21-4AD8-A15C-70905553DF83}"
EndProject
Project("{9A19103F-16F7-4668-BE54-9A1E7A4F7556}") = "TypeSharp.Cli", "TypeSharp.Cli\TypeSharp.Cli.csproj", "{D14D3E40-B1FE-499D-9FC6-DED419B0512E}"
EndProject
Project("{9A19103F-16F7-4668-BE54-9A1E7A4F7556}") = "TypeSharp.npm", "TypeSharp.npm\TypeSharp.npm.csproj", "{0A4A69D2-B63A-47EC-8AE4-BF452EEBCE3A}"
EndProject
Project("{9A19103F-16F7-4668-BE54-9A1E7A4F7556}") = "TypeSharp.React", "TypeSharp.React\TypeSharp.React.csproj", "{0887D4A4-86C2-456D-8B7E-D569B4E63CF5}"
EndProject
Project("{2150E333-8FDC-42A3-9474-1A3956D46DE8}") = "Obsolete", "Obsolete", "{D5F87DCC-C39F-4220-963B-198AE873BEA8}"
EndProject
Project("{9A19103F-16F7-4668-BE54-9A1E7A4F7556}") = "TypeSharp20 - NotRelease", "TypeSharp20\TypeSharp20 - NotRelease.csproj", "{E1FF78CB-8EB3-4D1E-AF4D-4C166F5FAEEA}"
EndProject
Project("{FAE04EC0-301F-11D3-BF4B-00C04F79EFBC}") = "TypeSharp20.Test", "TypeSharp20.Test\TypeSharp20.Test.csproj", "{357F0967-6AC9-482C-804A-4B64285157E7}"
EndProject
Global
	GlobalSection(SolutionConfigurationPlatforms) = preSolution
		Debug|Any CPU = Debug|Any CPU
		Debug|x64 = Debug|x64
		Debug|x86 = Debug|x86
		Release|Any CPU = Release|Any CPU
		Release|x64 = Release|x64
		Release|x86 = Release|x86
	EndGlobalSection
	GlobalSection(ProjectConfigurationPlatforms) = postSolution
		{7ADDDECA-5D5C-4994-96F0-C2DD8A7BCDDD}.Debug|Any CPU.ActiveCfg = Debug|Any CPU
		{7ADDDECA-5D5C-4994-96F0-C2DD8A7BCDDD}.Debug|Any CPU.Build.0 = Debug|Any CPU
		{7ADDDECA-5D5C-4994-96F0-C2DD8A7BCDDD}.Debug|x64.ActiveCfg = Debug|Any CPU
		{7ADDDECA-5D5C-4994-96F0-C2DD8A7BCDDD}.Debug|x64.Build.0 = Debug|Any CPU
		{7ADDDECA-5D5C-4994-96F0-C2DD8A7BCDDD}.Debug|x86.ActiveCfg = Debug|Any CPU
		{7ADDDECA-5D5C-4994-96F0-C2DD8A7BCDDD}.Debug|x86.Build.0 = Debug|Any CPU
		{7ADDDECA-5D5C-4994-96F0-C2DD8A7BCDDD}.Release|Any CPU.ActiveCfg = Release|Any CPU
		{7ADDDECA-5D5C-4994-96F0-C2DD8A7BCDDD}.Release|Any CPU.Build.0 = Release|Any CPU
		{7ADDDECA-5D5C-4994-96F0-C2DD8A7BCDDD}.Release|x64.ActiveCfg = Release|Any CPU
		{7ADDDECA-5D5C-4994-96F0-C2DD8A7BCDDD}.Release|x64.Build.0 = Release|Any CPU
		{7ADDDECA-5D5C-4994-96F0-C2DD8A7BCDDD}.Release|x86.ActiveCfg = Release|Any CPU
		{7ADDDECA-5D5C-4994-96F0-C2DD8A7BCDDD}.Release|x86.Build.0 = Release|Any CPU
		{5C5A1EDE-6F1F-4BC1-A73F-9935D0CCEDDB}.Debug|Any CPU.ActiveCfg = Debug|Any CPU
		{5C5A1EDE-6F1F-4BC1-A73F-9935D0CCEDDB}.Debug|Any CPU.Build.0 = Debug|Any CPU
		{5C5A1EDE-6F1F-4BC1-A73F-9935D0CCEDDB}.Debug|x64.ActiveCfg = Debug|Any CPU
		{5C5A1EDE-6F1F-4BC1-A73F-9935D0CCEDDB}.Debug|x64.Build.0 = Debug|Any CPU
		{5C5A1EDE-6F1F-4BC1-A73F-9935D0CCEDDB}.Debug|x86.ActiveCfg = Debug|Any CPU
		{5C5A1EDE-6F1F-4BC1-A73F-9935D0CCEDDB}.Debug|x86.Build.0 = Debug|Any CPU
		{5C5A1EDE-6F1F-4BC1-A73F-9935D0CCEDDB}.Release|Any CPU.ActiveCfg = Release|Any CPU
		{5C5A1EDE-6F1F-4BC1-A73F-9935D0CCEDDB}.Release|Any CPU.Build.0 = Release|Any CPU
		{5C5A1EDE-6F1F-4BC1-A73F-9935D0CCEDDB}.Release|x64.ActiveCfg = Release|Any CPU
		{5C5A1EDE-6F1F-4BC1-A73F-9935D0CCEDDB}.Release|x64.Build.0 = Release|Any CPU
		{5C5A1EDE-6F1F-4BC1-A73F-9935D0CCEDDB}.Release|x86.ActiveCfg = Release|Any CPU
		{5C5A1EDE-6F1F-4BC1-A73F-9935D0CCEDDB}.Release|x86.Build.0 = Release|Any CPU
		{7FBB07D9-F7D3-432D-88D8-CC854C1B5DB0}.Debug|Any CPU.ActiveCfg = Debug|Any CPU
		{7FBB07D9-F7D3-432D-88D8-CC854C1B5DB0}.Debug|Any CPU.Build.0 = Debug|Any CPU
		{7FBB07D9-F7D3-432D-88D8-CC854C1B5DB0}.Debug|x64.ActiveCfg = Debug|Any CPU
		{7FBB07D9-F7D3-432D-88D8-CC854C1B5DB0}.Debug|x64.Build.0 = Debug|Any CPU
		{7FBB07D9-F7D3-432D-88D8-CC854C1B5DB0}.Debug|x86.ActiveCfg = Debug|Any CPU
		{7FBB07D9-F7D3-432D-88D8-CC854C1B5DB0}.Debug|x86.Build.0 = Debug|Any CPU
		{7FBB07D9-F7D3-432D-88D8-CC854C1B5DB0}.Release|Any CPU.ActiveCfg = Release|Any CPU
		{7FBB07D9-F7D3-432D-88D8-CC854C1B5DB0}.Release|Any CPU.Build.0 = Release|Any CPU
		{7FBB07D9-F7D3-432D-88D8-CC854C1B5DB0}.Release|x64.ActiveCfg = Release|Any CPU
		{7FBB07D9-F7D3-432D-88D8-CC854C1B5DB0}.Release|x64.Build.0 = Release|Any CPU
		{7FBB07D9-F7D3-432D-88D8-CC854C1B5DB0}.Release|x86.ActiveCfg = Release|Any CPU
		{7FBB07D9-F7D3-432D-88D8-CC854C1B5DB0}.Release|x86.Build.0 = Release|Any CPU
		{9B1999EA-AA21-4AD8-A15C-70905553DF83}.Debug|Any CPU.ActiveCfg = Debug|Any CPU
		{9B1999EA-AA21-4AD8-A15C-70905553DF83}.Debug|Any CPU.Build.0 = Debug|Any CPU
		{9B1999EA-AA21-4AD8-A15C-70905553DF83}.Debug|x64.ActiveCfg = Debug|Any CPU
		{9B1999EA-AA21-4AD8-A15C-70905553DF83}.Debug|x64.Build.0 = Debug|Any CPU
		{9B1999EA-AA21-4AD8-A15C-70905553DF83}.Debug|x86.ActiveCfg = Debug|Any CPU
		{9B1999EA-AA21-4AD8-A15C-70905553DF83}.Debug|x86.Build.0 = Debug|Any CPU
		{9B1999EA-AA21-4AD8-A15C-70905553DF83}.Release|Any CPU.ActiveCfg = Release|Any CPU
		{9B1999EA-AA21-4AD8-A15C-70905553DF83}.Release|Any CPU.Build.0 = Release|Any CPU
		{9B1999EA-AA21-4AD8-A15C-70905553DF83}.Release|x64.ActiveCfg = Release|Any CPU
		{9B1999EA-AA21-4AD8-A15C-70905553DF83}.Release|x64.Build.0 = Release|Any CPU
		{9B1999EA-AA21-4AD8-A15C-70905553DF83}.Release|x86.ActiveCfg = Release|Any CPU
		{9B1999EA-AA21-4AD8-A15C-70905553DF83}.Release|x86.Build.0 = Release|Any CPU
		{D14D3E40-B1FE-499D-9FC6-DED419B0512E}.Debug|Any CPU.ActiveCfg = Debug|Any CPU
		{D14D3E40-B1FE-499D-9FC6-DED419B0512E}.Debug|Any CPU.Build.0 = Debug|Any CPU
		{D14D3E40-B1FE-499D-9FC6-DED419B0512E}.Debug|x64.ActiveCfg = Debug|Any CPU
		{D14D3E40-B1FE-499D-9FC6-DED419B0512E}.Debug|x64.Build.0 = Debug|Any CPU
		{D14D3E40-B1FE-499D-9FC6-DED419B0512E}.Debug|x86.ActiveCfg = Debug|Any CPU
		{D14D3E40-B1FE-499D-9FC6-DED419B0512E}.Debug|x86.Build.0 = Debug|Any CPU
		{D14D3E40-B1FE-499D-9FC6-DED419B0512E}.Release|Any CPU.ActiveCfg = Release|Any CPU
		{D14D3E40-B1FE-499D-9FC6-DED419B0512E}.Release|Any CPU.Build.0 = Release|Any CPU
		{D14D3E40-B1FE-499D-9FC6-DED419B0512E}.Release|x64.ActiveCfg = Release|Any CPU
		{D14D3E40-B1FE-499D-9FC6-DED419B0512E}.Release|x64.Build.0 = Release|Any CPU
		{D14D3E40-B1FE-499D-9FC6-DED419B0512E}.Release|x86.ActiveCfg = Release|Any CPU
		{D14D3E40-B1FE-499D-9FC6-DED419B0512E}.Release|x86.Build.0 = Release|Any CPU
		{0A4A69D2-B63A-47EC-8AE4-BF452EEBCE3A}.Debug|Any CPU.ActiveCfg = Debug|Any CPU
		{0A4A69D2-B63A-47EC-8AE4-BF452EEBCE3A}.Debug|Any CPU.Build.0 = Debug|Any CPU
		{0A4A69D2-B63A-47EC-8AE4-BF452EEBCE3A}.Debug|x64.ActiveCfg = Debug|Any CPU
		{0A4A69D2-B63A-47EC-8AE4-BF452EEBCE3A}.Debug|x64.Build.0 = Debug|Any CPU
		{0A4A69D2-B63A-47EC-8AE4-BF452EEBCE3A}.Debug|x86.ActiveCfg = Debug|Any CPU
		{0A4A69D2-B63A-47EC-8AE4-BF452EEBCE3A}.Debug|x86.Build.0 = Debug|Any CPU
		{0A4A69D2-B63A-47EC-8AE4-BF452EEBCE3A}.Release|Any CPU.ActiveCfg = Release|Any CPU
		{0A4A69D2-B63A-47EC-8AE4-BF452EEBCE3A}.Release|Any CPU.Build.0 = Release|Any CPU
		{0A4A69D2-B63A-47EC-8AE4-BF452EEBCE3A}.Release|x64.ActiveCfg = Release|Any CPU
		{0A4A69D2-B63A-47EC-8AE4-BF452EEBCE3A}.Release|x64.Build.0 = Release|Any CPU
		{0A4A69D2-B63A-47EC-8AE4-BF452EEBCE3A}.Release|x86.ActiveCfg = Release|Any CPU
		{0A4A69D2-B63A-47EC-8AE4-BF452EEBCE3A}.Release|x86.Build.0 = Release|Any CPU
		{0887D4A4-86C2-456D-8B7E-D569B4E63CF5}.Debug|Any CPU.ActiveCfg = Debug|Any CPU
		{0887D4A4-86C2-456D-8B7E-D569B4E63CF5}.Debug|Any CPU.Build.0 = Debug|Any CPU
		{0887D4A4-86C2-456D-8B7E-D569B4E63CF5}.Debug|x64.ActiveCfg = Debug|Any CPU
		{0887D4A4-86C2-456D-8B7E-D569B4E63CF5}.Debug|x64.Build.0 = Debug|Any CPU
		{0887D4A4-86C2-456D-8B7E-D569B4E63CF5}.Debug|x86.ActiveCfg = Debug|Any CPU
		{0887D4A4-86C2-456D-8B7E-D569B4E63CF5}.Debug|x86.Build.0 = Debug|Any CPU
		{0887D4A4-86C2-456D-8B7E-D569B4E63CF5}.Release|Any CPU.ActiveCfg = Release|Any CPU
		{0887D4A4-86C2-456D-8B7E-D569B4E63CF5}.Release|Any CPU.Build.0 = Release|Any CPU
		{0887D4A4-86C2-456D-8B7E-D569B4E63CF5}.Release|x64.ActiveCfg = Release|Any CPU
		{0887D4A4-86C2-456D-8B7E-D569B4E63CF5}.Release|x64.Build.0 = Release|Any CPU
		{0887D4A4-86C2-456D-8B7E-D569B4E63CF5}.Release|x86.ActiveCfg = Release|Any CPU
		{0887D4A4-86C2-456D-8B7E-D569B4E63CF5}.Release|x86.Build.0 = Release|Any CPU
		{E1FF78CB-8EB3-4D1E-AF4D-4C166F5FAEEA}.Debug|Any CPU.ActiveCfg = Debug|Any CPU
		{E1FF78CB-8EB3-4D1E-AF4D-4C166F5FAEEA}.Debug|Any CPU.Build.0 = Debug|Any CPU
		{E1FF78CB-8EB3-4D1E-AF4D-4C166F5FAEEA}.Debug|x64.ActiveCfg = Debug|Any CPU
		{E1FF78CB-8EB3-4D1E-AF4D-4C166F5FAEEA}.Debug|x64.Build.0 = Debug|Any CPU
		{E1FF78CB-8EB3-4D1E-AF4D-4C166F5FAEEA}.Debug|x86.ActiveCfg = Debug|Any CPU
		{E1FF78CB-8EB3-4D1E-AF4D-4C166F5FAEEA}.Debug|x86.Build.0 = Debug|Any CPU
		{E1FF78CB-8EB3-4D1E-AF4D-4C166F5FAEEA}.Release|Any CPU.ActiveCfg = Release|Any CPU
		{E1FF78CB-8EB3-4D1E-AF4D-4C166F5FAEEA}.Release|Any CPU.Build.0 = Release|Any CPU
		{E1FF78CB-8EB3-4D1E-AF4D-4C166F5FAEEA}.Release|x64.ActiveCfg = Release|Any CPU
		{E1FF78CB-8EB3-4D1E-AF4D-4C166F5FAEEA}.Release|x64.Build.0 = Release|Any CPU
		{E1FF78CB-8EB3-4D1E-AF4D-4C166F5FAEEA}.Release|x86.ActiveCfg = Release|Any CPU
		{E1FF78CB-8EB3-4D1E-AF4D-4C166F5FAEEA}.Release|x86.Build.0 = Release|Any CPU
		{357F0967-6AC9-482C-804A-4B64285157E7}.Debug|Any CPU.ActiveCfg = Debug|Any CPU
		{357F0967-6AC9-482C-804A-4B64285157E7}.Debug|Any CPU.Build.0 = Debug|Any CPU
		{357F0967-6AC9-482C-804A-4B64285157E7}.Debug|x64.ActiveCfg = Debug|Any CPU
		{357F0967-6AC9-482C-804A-4B64285157E7}.Debug|x64.Build.0 = Debug|Any CPU
		{357F0967-6AC9-482C-804A-4B64285157E7}.Debug|x86.ActiveCfg = Debug|Any CPU
		{357F0967-6AC9-482C-804A-4B64285157E7}.Debug|x86.Build.0 = Debug|Any CPU
		{357F0967-6AC9-482C-804A-4B64285157E7}.Release|Any CPU.ActiveCfg = Release|Any CPU
		{357F0967-6AC9-482C-804A-4B64285157E7}.Release|Any CPU.Build.0 = Release|Any CPU
		{357F0967-6AC9-482C-804A-4B64285157E7}.Release|x64.ActiveCfg = Release|Any CPU
		{357F0967-6AC9-482C-804A-4B64285157E7}.Release|x64.Build.0 = Release|Any CPU
		{357F0967-6AC9-482C-804A-4B64285157E7}.Release|x86.ActiveCfg = Release|Any CPU
		{357F0967-6AC9-482C-804A-4B64285157E7}.Release|x86.Build.0 = Release|Any CPU
	EndGlobalSection
	GlobalSection(SolutionProperties) = preSolution
		HideSolutionNode = FALSE
	EndGlobalSection
	GlobalSection(NestedProjects) = preSolution
		{5C5A1EDE-6F1F-4BC1-A73F-9935D0CCEDDB} = {D5F87DCC-C39F-4220-963B-198AE873BEA8}
		{7FBB07D9-F7D3-432D-88D8-CC854C1B5DB0} = {F9B21760-A8A1-4E48-BDE7-6829BABC532B}
		{9B1999EA-AA21-4AD8-A15C-70905553DF83} = {F9B21760-A8A1-4E48-BDE7-6829BABC532B}
		{357F0967-6AC9-482C-804A-4B64285157E7} = {F9B21760-A8A1-4E48-BDE7-6829BABC532B}
	EndGlobalSection
	GlobalSection(ExtensibilityGlobals) = postSolution
		SolutionGuid = {3B0111DD-7D14-4B06-9429-C6F81F1B1D3E}
	EndGlobalSection
EndGlobal
