
Microsoft Visual Studio Solution File, Format Version 12.00
# Visual Studio Version 17
VisualStudioVersion = 17.0.31808.319
MinimumVisualStudioVersion = 15.0.26124.0
Project("{2150E333-8FDC-42A3-9474-1A3956D46DE8}") = "Solution Items", "Solution Items", "{9ED89F71-4DCB-46FC-9A5D-F2259EF7A9EB}"
	ProjectSection(SolutionItems) = preProject
		LICENSE.md = LICENSE.md
		push.cmd = push.cmd
		README.cn.md = README.cn.md
		README.md = README.md
	EndProjectSection
EndProject
Project("{2150E333-8FDC-42A3-9474-1A3956D46DE8}") = "Tests", "Tests", "{F9B21760-A8A1-4E48-BDE7-6829BABC532B}"
EndProject
Project("{FAE04EC0-301F-11D3-BF4B-00C04F79EFBC}") = "TypeSharp.DevAnalyzer", "TypeSharp.DevAnalyzer\TypeSharp.DevAnalyzer.csproj", "{D7AE64EB-9364-4718-8601-A252E7F96043}"
EndProject
Project("{FAE04EC0-301F-11D3-BF4B-00C04F79EFBC}") = "TestApp", "Tests\TestApp\TestApp.csproj", "{D88EDAA7-FD9F-4003-9358-6E54BECCD752}"
EndProject
Project("{2150E333-8FDC-42A3-9474-1A3956D46DE8}") = "Archived", "Archived", "{A76A48E8-587B-4032-8784-2FC25AE3916D}"
EndProject
Project("{FAE04EC0-301F-11D3-BF4B-00C04F79EFBC}") = "TypeSharp3", "TypeSharp3\TypeSharp3.csproj", "{878FE517-8A5E-432A-82A8-A13B7CBEE907}"
EndProject
Project("{FAE04EC0-301F-11D3-BF4B-00C04F79EFBC}") = "TypeSharp3.Test", "TypeSharp3.Test\TypeSharp3.Test.csproj", "{D94B6D00-D5D3-470B-991B-D97AD48E77AA}"
EndProject
Project("{FAE04EC0-301F-11D3-BF4B-00C04F79EFBC}") = "TypeSharp10", "Archived\TypeSharp10\TypeSharp10.csproj", "{2DD23139-6308-4CB3-B923-F3F2421D2FF5}"
EndProject
Project("{FAE04EC0-301F-11D3-BF4B-00C04F79EFBC}") = "TypeSharp20", "Archived\TypeSharp20\TypeSharp20.csproj", "{F34EEACD-9EF6-4568-ABBB-2B9C84051166}"
EndProject
Project("{FAE04EC0-301F-11D3-BF4B-00C04F79EFBC}") = "TypeSharp10.Test", "Archived\TypeSharp10.Test\TypeSharp10.Test.csproj", "{EA638ADD-7C4F-4CC8-8DC3-E30B8B1EE903}"
EndProject
Project("{FAE04EC0-301F-11D3-BF4B-00C04F79EFBC}") = "TypeSharp.npm", "Archived\TypeSharp.npm\TypeSharp.npm.csproj", "{1F3F374C-F292-42C8-9766-25C18F6F69D0}"
EndProject
Project("{FAE04EC0-301F-11D3-BF4B-00C04F79EFBC}") = "TypeSharp10.Cli", "Archived\TypeSharp10.Cli\TypeSharp10.Cli.csproj", "{B190EEB4-9690-4BF7-8D7C-AF49F70C8325}"
EndProject
Project("{FAE04EC0-301F-11D3-BF4B-00C04F79EFBC}") = "TypeSharp10.Cli.Test", "Archived\TypeSharp10.Cli.Test\TypeSharp10.Cli.Test.csproj", "{D1685993-8E8C-478E-B212-9A91EDB28490}"
EndProject
Project("{FAE04EC0-301F-11D3-BF4B-00C04F79EFBC}") = "TypeSharp.Antd", "Archived\TypeSharp.Antd\TypeSharp.Antd.csproj", "{C59168A6-65C7-425E-9863-9915722263C1}"
EndProject
Global
	GlobalSection(SolutionConfigurationPlatforms) = preSolution
		Debug|Any CPU = Debug|Any CPU
		Debug|x64 = Debug|x64
		Debug|x86 = Debug|x86
		DebugAnalyzer|Any CPU = DebugAnalyzer|Any CPU
		DebugAnalyzer|x64 = DebugAnalyzer|x64
		DebugAnalyzer|x86 = DebugAnalyzer|x86
		Release|Any CPU = Release|Any CPU
		Release|x64 = Release|x64
		Release|x86 = Release|x86
	EndGlobalSection
	GlobalSection(ProjectConfigurationPlatforms) = postSolution
		{D7AE64EB-9364-4718-8601-A252E7F96043}.Debug|Any CPU.ActiveCfg = Debug|Any CPU
		{D7AE64EB-9364-4718-8601-A252E7F96043}.Debug|Any CPU.Build.0 = Debug|Any CPU
		{D7AE64EB-9364-4718-8601-A252E7F96043}.Debug|x64.ActiveCfg = Debug|Any CPU
		{D7AE64EB-9364-4718-8601-A252E7F96043}.Debug|x64.Build.0 = Debug|Any CPU
		{D7AE64EB-9364-4718-8601-A252E7F96043}.Debug|x86.ActiveCfg = Debug|Any CPU
		{D7AE64EB-9364-4718-8601-A252E7F96043}.Debug|x86.Build.0 = Debug|Any CPU
		{D7AE64EB-9364-4718-8601-A252E7F96043}.DebugAnalyzer|Any CPU.ActiveCfg = DebugAnalyzer|Any CPU
		{D7AE64EB-9364-4718-8601-A252E7F96043}.DebugAnalyzer|Any CPU.Build.0 = DebugAnalyzer|Any CPU
		{D7AE64EB-9364-4718-8601-A252E7F96043}.DebugAnalyzer|x64.ActiveCfg = DebugAnalyzer|Any CPU
		{D7AE64EB-9364-4718-8601-A252E7F96043}.DebugAnalyzer|x64.Build.0 = DebugAnalyzer|Any CPU
		{D7AE64EB-9364-4718-8601-A252E7F96043}.DebugAnalyzer|x86.ActiveCfg = DebugAnalyzer|Any CPU
		{D7AE64EB-9364-4718-8601-A252E7F96043}.DebugAnalyzer|x86.Build.0 = DebugAnalyzer|Any CPU
		{D7AE64EB-9364-4718-8601-A252E7F96043}.Release|Any CPU.ActiveCfg = Release|Any CPU
		{D7AE64EB-9364-4718-8601-A252E7F96043}.Release|Any CPU.Build.0 = Release|Any CPU
		{D7AE64EB-9364-4718-8601-A252E7F96043}.Release|x64.ActiveCfg = Release|Any CPU
		{D7AE64EB-9364-4718-8601-A252E7F96043}.Release|x64.Build.0 = Release|Any CPU
		{D7AE64EB-9364-4718-8601-A252E7F96043}.Release|x86.ActiveCfg = Release|Any CPU
		{D7AE64EB-9364-4718-8601-A252E7F96043}.Release|x86.Build.0 = Release|Any CPU
		{D88EDAA7-FD9F-4003-9358-6E54BECCD752}.Debug|Any CPU.ActiveCfg = Debug|Any CPU
		{D88EDAA7-FD9F-4003-9358-6E54BECCD752}.Debug|Any CPU.Build.0 = Debug|Any CPU
		{D88EDAA7-FD9F-4003-9358-6E54BECCD752}.Debug|x64.ActiveCfg = Debug|Any CPU
		{D88EDAA7-FD9F-4003-9358-6E54BECCD752}.Debug|x64.Build.0 = Debug|Any CPU
		{D88EDAA7-FD9F-4003-9358-6E54BECCD752}.Debug|x86.ActiveCfg = Debug|Any CPU
		{D88EDAA7-FD9F-4003-9358-6E54BECCD752}.Debug|x86.Build.0 = Debug|Any CPU
		{D88EDAA7-FD9F-4003-9358-6E54BECCD752}.DebugAnalyzer|Any CPU.ActiveCfg = DebugAnalyzer|Any CPU
		{D88EDAA7-FD9F-4003-9358-6E54BECCD752}.DebugAnalyzer|Any CPU.Build.0 = DebugAnalyzer|Any CPU
		{D88EDAA7-FD9F-4003-9358-6E54BECCD752}.DebugAnalyzer|x64.ActiveCfg = DebugAnalyzer|Any CPU
		{D88EDAA7-FD9F-4003-9358-6E54BECCD752}.DebugAnalyzer|x64.Build.0 = DebugAnalyzer|Any CPU
		{D88EDAA7-FD9F-4003-9358-6E54BECCD752}.DebugAnalyzer|x86.ActiveCfg = DebugAnalyzer|Any CPU
		{D88EDAA7-FD9F-4003-9358-6E54BECCD752}.DebugAnalyzer|x86.Build.0 = DebugAnalyzer|Any CPU
		{D88EDAA7-FD9F-4003-9358-6E54BECCD752}.Release|Any CPU.ActiveCfg = Release|Any CPU
		{D88EDAA7-FD9F-4003-9358-6E54BECCD752}.Release|Any CPU.Build.0 = Release|Any CPU
		{D88EDAA7-FD9F-4003-9358-6E54BECCD752}.Release|x64.ActiveCfg = Release|Any CPU
		{D88EDAA7-FD9F-4003-9358-6E54BECCD752}.Release|x64.Build.0 = Release|Any CPU
		{D88EDAA7-FD9F-4003-9358-6E54BECCD752}.Release|x86.ActiveCfg = Release|Any CPU
		{D88EDAA7-FD9F-4003-9358-6E54BECCD752}.Release|x86.Build.0 = Release|Any CPU
		{878FE517-8A5E-432A-82A8-A13B7CBEE907}.Debug|Any CPU.ActiveCfg = Debug|Any CPU
		{878FE517-8A5E-432A-82A8-A13B7CBEE907}.Debug|Any CPU.Build.0 = Debug|Any CPU
		{878FE517-8A5E-432A-82A8-A13B7CBEE907}.Debug|x64.ActiveCfg = Debug|Any CPU
		{878FE517-8A5E-432A-82A8-A13B7CBEE907}.Debug|x64.Build.0 = Debug|Any CPU
		{878FE517-8A5E-432A-82A8-A13B7CBEE907}.Debug|x86.ActiveCfg = Debug|Any CPU
		{878FE517-8A5E-432A-82A8-A13B7CBEE907}.Debug|x86.Build.0 = Debug|Any CPU
		{878FE517-8A5E-432A-82A8-A13B7CBEE907}.DebugAnalyzer|Any CPU.ActiveCfg = DebugAnalyzer|Any CPU
		{878FE517-8A5E-432A-82A8-A13B7CBEE907}.DebugAnalyzer|Any CPU.Build.0 = DebugAnalyzer|Any CPU
		{878FE517-8A5E-432A-82A8-A13B7CBEE907}.DebugAnalyzer|x64.ActiveCfg = DebugAnalyzer|Any CPU
		{878FE517-8A5E-432A-82A8-A13B7CBEE907}.DebugAnalyzer|x64.Build.0 = DebugAnalyzer|Any CPU
		{878FE517-8A5E-432A-82A8-A13B7CBEE907}.DebugAnalyzer|x86.ActiveCfg = DebugAnalyzer|Any CPU
		{878FE517-8A5E-432A-82A8-A13B7CBEE907}.DebugAnalyzer|x86.Build.0 = DebugAnalyzer|Any CPU
		{878FE517-8A5E-432A-82A8-A13B7CBEE907}.Release|Any CPU.ActiveCfg = Release|Any CPU
		{878FE517-8A5E-432A-82A8-A13B7CBEE907}.Release|Any CPU.Build.0 = Release|Any CPU
		{878FE517-8A5E-432A-82A8-A13B7CBEE907}.Release|x64.ActiveCfg = Release|Any CPU
		{878FE517-8A5E-432A-82A8-A13B7CBEE907}.Release|x64.Build.0 = Release|Any CPU
		{878FE517-8A5E-432A-82A8-A13B7CBEE907}.Release|x86.ActiveCfg = Release|Any CPU
		{878FE517-8A5E-432A-82A8-A13B7CBEE907}.Release|x86.Build.0 = Release|Any CPU
		{D94B6D00-D5D3-470B-991B-D97AD48E77AA}.Debug|Any CPU.ActiveCfg = Debug|Any CPU
		{D94B6D00-D5D3-470B-991B-D97AD48E77AA}.Debug|Any CPU.Build.0 = Debug|Any CPU
		{D94B6D00-D5D3-470B-991B-D97AD48E77AA}.Debug|x64.ActiveCfg = Debug|Any CPU
		{D94B6D00-D5D3-470B-991B-D97AD48E77AA}.Debug|x64.Build.0 = Debug|Any CPU
		{D94B6D00-D5D3-470B-991B-D97AD48E77AA}.Debug|x86.ActiveCfg = Debug|Any CPU
		{D94B6D00-D5D3-470B-991B-D97AD48E77AA}.Debug|x86.Build.0 = Debug|Any CPU
		{D94B6D00-D5D3-470B-991B-D97AD48E77AA}.DebugAnalyzer|Any CPU.ActiveCfg = DebugAnalyzer|Any CPU
		{D94B6D00-D5D3-470B-991B-D97AD48E77AA}.DebugAnalyzer|Any CPU.Build.0 = DebugAnalyzer|Any CPU
		{D94B6D00-D5D3-470B-991B-D97AD48E77AA}.DebugAnalyzer|x64.ActiveCfg = DebugAnalyzer|Any CPU
		{D94B6D00-D5D3-470B-991B-D97AD48E77AA}.DebugAnalyzer|x64.Build.0 = DebugAnalyzer|Any CPU
		{D94B6D00-D5D3-470B-991B-D97AD48E77AA}.DebugAnalyzer|x86.ActiveCfg = DebugAnalyzer|Any CPU
		{D94B6D00-D5D3-470B-991B-D97AD48E77AA}.DebugAnalyzer|x86.Build.0 = DebugAnalyzer|Any CPU
		{D94B6D00-D5D3-470B-991B-D97AD48E77AA}.Release|Any CPU.ActiveCfg = Release|Any CPU
		{D94B6D00-D5D3-470B-991B-D97AD48E77AA}.Release|Any CPU.Build.0 = Release|Any CPU
		{D94B6D00-D5D3-470B-991B-D97AD48E77AA}.Release|x64.ActiveCfg = Release|Any CPU
		{D94B6D00-D5D3-470B-991B-D97AD48E77AA}.Release|x64.Build.0 = Release|Any CPU
		{D94B6D00-D5D3-470B-991B-D97AD48E77AA}.Release|x86.ActiveCfg = Release|Any CPU
		{D94B6D00-D5D3-470B-991B-D97AD48E77AA}.Release|x86.Build.0 = Release|Any CPU
		{2DD23139-6308-4CB3-B923-F3F2421D2FF5}.Debug|Any CPU.ActiveCfg = Debug|Any CPU
		{2DD23139-6308-4CB3-B923-F3F2421D2FF5}.Debug|Any CPU.Build.0 = Debug|Any CPU
		{2DD23139-6308-4CB3-B923-F3F2421D2FF5}.Debug|x64.ActiveCfg = Debug|Any CPU
		{2DD23139-6308-4CB3-B923-F3F2421D2FF5}.Debug|x64.Build.0 = Debug|Any CPU
		{2DD23139-6308-4CB3-B923-F3F2421D2FF5}.Debug|x86.ActiveCfg = Debug|Any CPU
		{2DD23139-6308-4CB3-B923-F3F2421D2FF5}.Debug|x86.Build.0 = Debug|Any CPU
		{2DD23139-6308-4CB3-B923-F3F2421D2FF5}.DebugAnalyzer|Any CPU.ActiveCfg = DebugAnalyzer|Any CPU
		{2DD23139-6308-4CB3-B923-F3F2421D2FF5}.DebugAnalyzer|Any CPU.Build.0 = DebugAnalyzer|Any CPU
		{2DD23139-6308-4CB3-B923-F3F2421D2FF5}.DebugAnalyzer|x64.ActiveCfg = DebugAnalyzer|Any CPU
		{2DD23139-6308-4CB3-B923-F3F2421D2FF5}.DebugAnalyzer|x64.Build.0 = DebugAnalyzer|Any CPU
		{2DD23139-6308-4CB3-B923-F3F2421D2FF5}.DebugAnalyzer|x86.ActiveCfg = DebugAnalyzer|Any CPU
		{2DD23139-6308-4CB3-B923-F3F2421D2FF5}.DebugAnalyzer|x86.Build.0 = DebugAnalyzer|Any CPU
		{2DD23139-6308-4CB3-B923-F3F2421D2FF5}.Release|Any CPU.ActiveCfg = Release|Any CPU
		{2DD23139-6308-4CB3-B923-F3F2421D2FF5}.Release|Any CPU.Build.0 = Release|Any CPU
		{2DD23139-6308-4CB3-B923-F3F2421D2FF5}.Release|x64.ActiveCfg = Release|Any CPU
		{2DD23139-6308-4CB3-B923-F3F2421D2FF5}.Release|x64.Build.0 = Release|Any CPU
		{2DD23139-6308-4CB3-B923-F3F2421D2FF5}.Release|x86.ActiveCfg = Release|Any CPU
		{2DD23139-6308-4CB3-B923-F3F2421D2FF5}.Release|x86.Build.0 = Release|Any CPU
		{F34EEACD-9EF6-4568-ABBB-2B9C84051166}.Debug|Any CPU.ActiveCfg = Debug|Any CPU
		{F34EEACD-9EF6-4568-ABBB-2B9C84051166}.Debug|Any CPU.Build.0 = Debug|Any CPU
		{F34EEACD-9EF6-4568-ABBB-2B9C84051166}.Debug|x64.ActiveCfg = Debug|Any CPU
		{F34EEACD-9EF6-4568-ABBB-2B9C84051166}.Debug|x64.Build.0 = Debug|Any CPU
		{F34EEACD-9EF6-4568-ABBB-2B9C84051166}.Debug|x86.ActiveCfg = Debug|Any CPU
		{F34EEACD-9EF6-4568-ABBB-2B9C84051166}.Debug|x86.Build.0 = Debug|Any CPU
		{F34EEACD-9EF6-4568-ABBB-2B9C84051166}.DebugAnalyzer|Any CPU.ActiveCfg = Debug|Any CPU
		{F34EEACD-9EF6-4568-ABBB-2B9C84051166}.DebugAnalyzer|Any CPU.Build.0 = Debug|Any CPU
		{F34EEACD-9EF6-4568-ABBB-2B9C84051166}.DebugAnalyzer|x64.ActiveCfg = Debug|Any CPU
		{F34EEACD-9EF6-4568-ABBB-2B9C84051166}.DebugAnalyzer|x64.Build.0 = Debug|Any CPU
		{F34EEACD-9EF6-4568-ABBB-2B9C84051166}.DebugAnalyzer|x86.ActiveCfg = Debug|Any CPU
		{F34EEACD-9EF6-4568-ABBB-2B9C84051166}.DebugAnalyzer|x86.Build.0 = Debug|Any CPU
		{F34EEACD-9EF6-4568-ABBB-2B9C84051166}.Release|Any CPU.ActiveCfg = Release|Any CPU
		{F34EEACD-9EF6-4568-ABBB-2B9C84051166}.Release|Any CPU.Build.0 = Release|Any CPU
		{F34EEACD-9EF6-4568-ABBB-2B9C84051166}.Release|x64.ActiveCfg = Release|Any CPU
		{F34EEACD-9EF6-4568-ABBB-2B9C84051166}.Release|x64.Build.0 = Release|Any CPU
		{F34EEACD-9EF6-4568-ABBB-2B9C84051166}.Release|x86.ActiveCfg = Release|Any CPU
		{F34EEACD-9EF6-4568-ABBB-2B9C84051166}.Release|x86.Build.0 = Release|Any CPU
		{EA638ADD-7C4F-4CC8-8DC3-E30B8B1EE903}.Debug|Any CPU.ActiveCfg = Debug|Any CPU
		{EA638ADD-7C4F-4CC8-8DC3-E30B8B1EE903}.Debug|Any CPU.Build.0 = Debug|Any CPU
		{EA638ADD-7C4F-4CC8-8DC3-E30B8B1EE903}.Debug|x64.ActiveCfg = Debug|Any CPU
		{EA638ADD-7C4F-4CC8-8DC3-E30B8B1EE903}.Debug|x64.Build.0 = Debug|Any CPU
		{EA638ADD-7C4F-4CC8-8DC3-E30B8B1EE903}.Debug|x86.ActiveCfg = Debug|Any CPU
		{EA638ADD-7C4F-4CC8-8DC3-E30B8B1EE903}.Debug|x86.Build.0 = Debug|Any CPU
		{EA638ADD-7C4F-4CC8-8DC3-E30B8B1EE903}.DebugAnalyzer|Any CPU.ActiveCfg = DebugAnalyzer|Any CPU
		{EA638ADD-7C4F-4CC8-8DC3-E30B8B1EE903}.DebugAnalyzer|Any CPU.Build.0 = DebugAnalyzer|Any CPU
		{EA638ADD-7C4F-4CC8-8DC3-E30B8B1EE903}.DebugAnalyzer|x64.ActiveCfg = DebugAnalyzer|Any CPU
		{EA638ADD-7C4F-4CC8-8DC3-E30B8B1EE903}.DebugAnalyzer|x64.Build.0 = DebugAnalyzer|Any CPU
		{EA638ADD-7C4F-4CC8-8DC3-E30B8B1EE903}.DebugAnalyzer|x86.ActiveCfg = DebugAnalyzer|Any CPU
		{EA638ADD-7C4F-4CC8-8DC3-E30B8B1EE903}.DebugAnalyzer|x86.Build.0 = DebugAnalyzer|Any CPU
		{EA638ADD-7C4F-4CC8-8DC3-E30B8B1EE903}.Release|Any CPU.ActiveCfg = Release|Any CPU
		{EA638ADD-7C4F-4CC8-8DC3-E30B8B1EE903}.Release|Any CPU.Build.0 = Release|Any CPU
		{EA638ADD-7C4F-4CC8-8DC3-E30B8B1EE903}.Release|x64.ActiveCfg = Release|Any CPU
		{EA638ADD-7C4F-4CC8-8DC3-E30B8B1EE903}.Release|x64.Build.0 = Release|Any CPU
		{EA638ADD-7C4F-4CC8-8DC3-E30B8B1EE903}.Release|x86.ActiveCfg = Release|Any CPU
		{EA638ADD-7C4F-4CC8-8DC3-E30B8B1EE903}.Release|x86.Build.0 = Release|Any CPU
		{1F3F374C-F292-42C8-9766-25C18F6F69D0}.Debug|Any CPU.ActiveCfg = Debug|Any CPU
		{1F3F374C-F292-42C8-9766-25C18F6F69D0}.Debug|Any CPU.Build.0 = Debug|Any CPU
		{1F3F374C-F292-42C8-9766-25C18F6F69D0}.Debug|x64.ActiveCfg = Debug|Any CPU
		{1F3F374C-F292-42C8-9766-25C18F6F69D0}.Debug|x64.Build.0 = Debug|Any CPU
		{1F3F374C-F292-42C8-9766-25C18F6F69D0}.Debug|x86.ActiveCfg = Debug|Any CPU
		{1F3F374C-F292-42C8-9766-25C18F6F69D0}.Debug|x86.Build.0 = Debug|Any CPU
		{1F3F374C-F292-42C8-9766-25C18F6F69D0}.DebugAnalyzer|Any CPU.ActiveCfg = DebugAnalyzer|Any CPU
		{1F3F374C-F292-42C8-9766-25C18F6F69D0}.DebugAnalyzer|Any CPU.Build.0 = DebugAnalyzer|Any CPU
		{1F3F374C-F292-42C8-9766-25C18F6F69D0}.DebugAnalyzer|x64.ActiveCfg = DebugAnalyzer|Any CPU
		{1F3F374C-F292-42C8-9766-25C18F6F69D0}.DebugAnalyzer|x64.Build.0 = DebugAnalyzer|Any CPU
		{1F3F374C-F292-42C8-9766-25C18F6F69D0}.DebugAnalyzer|x86.ActiveCfg = DebugAnalyzer|Any CPU
		{1F3F374C-F292-42C8-9766-25C18F6F69D0}.DebugAnalyzer|x86.Build.0 = DebugAnalyzer|Any CPU
		{1F3F374C-F292-42C8-9766-25C18F6F69D0}.Release|Any CPU.ActiveCfg = Release|Any CPU
		{1F3F374C-F292-42C8-9766-25C18F6F69D0}.Release|Any CPU.Build.0 = Release|Any CPU
		{1F3F374C-F292-42C8-9766-25C18F6F69D0}.Release|x64.ActiveCfg = Release|Any CPU
		{1F3F374C-F292-42C8-9766-25C18F6F69D0}.Release|x64.Build.0 = Release|Any CPU
		{1F3F374C-F292-42C8-9766-25C18F6F69D0}.Release|x86.ActiveCfg = Release|Any CPU
		{1F3F374C-F292-42C8-9766-25C18F6F69D0}.Release|x86.Build.0 = Release|Any CPU
		{B190EEB4-9690-4BF7-8D7C-AF49F70C8325}.Debug|Any CPU.ActiveCfg = Debug|Any CPU
		{B190EEB4-9690-4BF7-8D7C-AF49F70C8325}.Debug|Any CPU.Build.0 = Debug|Any CPU
		{B190EEB4-9690-4BF7-8D7C-AF49F70C8325}.Debug|x64.ActiveCfg = Debug|Any CPU
		{B190EEB4-9690-4BF7-8D7C-AF49F70C8325}.Debug|x64.Build.0 = Debug|Any CPU
		{B190EEB4-9690-4BF7-8D7C-AF49F70C8325}.Debug|x86.ActiveCfg = Debug|Any CPU
		{B190EEB4-9690-4BF7-8D7C-AF49F70C8325}.Debug|x86.Build.0 = Debug|Any CPU
		{B190EEB4-9690-4BF7-8D7C-AF49F70C8325}.DebugAnalyzer|Any CPU.ActiveCfg = DebugAnalyzer|Any CPU
		{B190EEB4-9690-4BF7-8D7C-AF49F70C8325}.DebugAnalyzer|Any CPU.Build.0 = DebugAnalyzer|Any CPU
		{B190EEB4-9690-4BF7-8D7C-AF49F70C8325}.DebugAnalyzer|x64.ActiveCfg = DebugAnalyzer|Any CPU
		{B190EEB4-9690-4BF7-8D7C-AF49F70C8325}.DebugAnalyzer|x64.Build.0 = DebugAnalyzer|Any CPU
		{B190EEB4-9690-4BF7-8D7C-AF49F70C8325}.DebugAnalyzer|x86.ActiveCfg = DebugAnalyzer|Any CPU
		{B190EEB4-9690-4BF7-8D7C-AF49F70C8325}.DebugAnalyzer|x86.Build.0 = DebugAnalyzer|Any CPU
		{B190EEB4-9690-4BF7-8D7C-AF49F70C8325}.Release|Any CPU.ActiveCfg = Release|Any CPU
		{B190EEB4-9690-4BF7-8D7C-AF49F70C8325}.Release|Any CPU.Build.0 = Release|Any CPU
		{B190EEB4-9690-4BF7-8D7C-AF49F70C8325}.Release|x64.ActiveCfg = Release|Any CPU
		{B190EEB4-9690-4BF7-8D7C-AF49F70C8325}.Release|x64.Build.0 = Release|Any CPU
		{B190EEB4-9690-4BF7-8D7C-AF49F70C8325}.Release|x86.ActiveCfg = Release|Any CPU
		{B190EEB4-9690-4BF7-8D7C-AF49F70C8325}.Release|x86.Build.0 = Release|Any CPU
		{D1685993-8E8C-478E-B212-9A91EDB28490}.Debug|Any CPU.ActiveCfg = Debug|Any CPU
		{D1685993-8E8C-478E-B212-9A91EDB28490}.Debug|Any CPU.Build.0 = Debug|Any CPU
		{D1685993-8E8C-478E-B212-9A91EDB28490}.Debug|x64.ActiveCfg = Debug|Any CPU
		{D1685993-8E8C-478E-B212-9A91EDB28490}.Debug|x64.Build.0 = Debug|Any CPU
		{D1685993-8E8C-478E-B212-9A91EDB28490}.Debug|x86.ActiveCfg = Debug|Any CPU
		{D1685993-8E8C-478E-B212-9A91EDB28490}.Debug|x86.Build.0 = Debug|Any CPU
		{D1685993-8E8C-478E-B212-9A91EDB28490}.DebugAnalyzer|Any CPU.ActiveCfg = DebugAnalyzer|Any CPU
		{D1685993-8E8C-478E-B212-9A91EDB28490}.DebugAnalyzer|Any CPU.Build.0 = DebugAnalyzer|Any CPU
		{D1685993-8E8C-478E-B212-9A91EDB28490}.DebugAnalyzer|x64.ActiveCfg = DebugAnalyzer|Any CPU
		{D1685993-8E8C-478E-B212-9A91EDB28490}.DebugAnalyzer|x64.Build.0 = DebugAnalyzer|Any CPU
		{D1685993-8E8C-478E-B212-9A91EDB28490}.DebugAnalyzer|x86.ActiveCfg = DebugAnalyzer|Any CPU
		{D1685993-8E8C-478E-B212-9A91EDB28490}.DebugAnalyzer|x86.Build.0 = DebugAnalyzer|Any CPU
		{D1685993-8E8C-478E-B212-9A91EDB28490}.Release|Any CPU.ActiveCfg = Release|Any CPU
		{D1685993-8E8C-478E-B212-9A91EDB28490}.Release|Any CPU.Build.0 = Release|Any CPU
		{D1685993-8E8C-478E-B212-9A91EDB28490}.Release|x64.ActiveCfg = Release|Any CPU
		{D1685993-8E8C-478E-B212-9A91EDB28490}.Release|x64.Build.0 = Release|Any CPU
		{D1685993-8E8C-478E-B212-9A91EDB28490}.Release|x86.ActiveCfg = Release|Any CPU
		{D1685993-8E8C-478E-B212-9A91EDB28490}.Release|x86.Build.0 = Release|Any CPU
		{C59168A6-65C7-425E-9863-9915722263C1}.Debug|Any CPU.ActiveCfg = Debug|Any CPU
		{C59168A6-65C7-425E-9863-9915722263C1}.Debug|Any CPU.Build.0 = Debug|Any CPU
		{C59168A6-65C7-425E-9863-9915722263C1}.Debug|x64.ActiveCfg = Debug|Any CPU
		{C59168A6-65C7-425E-9863-9915722263C1}.Debug|x64.Build.0 = Debug|Any CPU
		{C59168A6-65C7-425E-9863-9915722263C1}.Debug|x86.ActiveCfg = Debug|Any CPU
		{C59168A6-65C7-425E-9863-9915722263C1}.Debug|x86.Build.0 = Debug|Any CPU
		{C59168A6-65C7-425E-9863-9915722263C1}.DebugAnalyzer|Any CPU.ActiveCfg = DebugAnalyzer|Any CPU
		{C59168A6-65C7-425E-9863-9915722263C1}.DebugAnalyzer|Any CPU.Build.0 = DebugAnalyzer|Any CPU
		{C59168A6-65C7-425E-9863-9915722263C1}.DebugAnalyzer|x64.ActiveCfg = DebugAnalyzer|Any CPU
		{C59168A6-65C7-425E-9863-9915722263C1}.DebugAnalyzer|x64.Build.0 = DebugAnalyzer|Any CPU
		{C59168A6-65C7-425E-9863-9915722263C1}.DebugAnalyzer|x86.ActiveCfg = DebugAnalyzer|Any CPU
		{C59168A6-65C7-425E-9863-9915722263C1}.DebugAnalyzer|x86.Build.0 = DebugAnalyzer|Any CPU
		{C59168A6-65C7-425E-9863-9915722263C1}.Release|Any CPU.ActiveCfg = Release|Any CPU
		{C59168A6-65C7-425E-9863-9915722263C1}.Release|Any CPU.Build.0 = Release|Any CPU
		{C59168A6-65C7-425E-9863-9915722263C1}.Release|x64.ActiveCfg = Release|Any CPU
		{C59168A6-65C7-425E-9863-9915722263C1}.Release|x64.Build.0 = Release|Any CPU
		{C59168A6-65C7-425E-9863-9915722263C1}.Release|x86.ActiveCfg = Release|Any CPU
		{C59168A6-65C7-425E-9863-9915722263C1}.Release|x86.Build.0 = Release|Any CPU
	EndGlobalSection
	GlobalSection(SolutionProperties) = preSolution
		HideSolutionNode = FALSE
	EndGlobalSection
	GlobalSection(NestedProjects) = preSolution
		{D88EDAA7-FD9F-4003-9358-6E54BECCD752} = {F9B21760-A8A1-4E48-BDE7-6829BABC532B}
		{2DD23139-6308-4CB3-B923-F3F2421D2FF5} = {A76A48E8-587B-4032-8784-2FC25AE3916D}
		{F34EEACD-9EF6-4568-ABBB-2B9C84051166} = {A76A48E8-587B-4032-8784-2FC25AE3916D}
		{EA638ADD-7C4F-4CC8-8DC3-E30B8B1EE903} = {A76A48E8-587B-4032-8784-2FC25AE3916D}
		{1F3F374C-F292-42C8-9766-25C18F6F69D0} = {A76A48E8-587B-4032-8784-2FC25AE3916D}
		{B190EEB4-9690-4BF7-8D7C-AF49F70C8325} = {A76A48E8-587B-4032-8784-2FC25AE3916D}
		{D1685993-8E8C-478E-B212-9A91EDB28490} = {A76A48E8-587B-4032-8784-2FC25AE3916D}
		{C59168A6-65C7-425E-9863-9915722263C1} = {A76A48E8-587B-4032-8784-2FC25AE3916D}
	EndGlobalSection
	GlobalSection(ExtensibilityGlobals) = postSolution
		SolutionGuid = {3B0111DD-7D14-4B06-9429-C6F81F1B1D3E}
	EndGlobalSection
EndGlobal
