
Microsoft Visual Studio Solution File, Format Version 12.00
# Visual Studio Version 16
VisualStudioVersion = 16.0.29424.173
MinimumVisualStudioVersion = 15.0.26124.0
Project("{9A19103F-16F7-4668-BE54-9A1E7A4F7556}") = "TypeSharp", "TypeSharp\TypeSharp.csproj", "{7ADDDECA-5D5C-4994-96F0-C2DD8A7BCDDD}"
EndProject
Project("{2150E333-8FDC-42A3-9474-1A3956D46DE8}") = "Solution Items", "Solution Items", "{9ED89F71-4DCB-46FC-9A5D-F2259EF7A9EB}"
	ProjectSection(SolutionItems) = preProject
		LICENSE.md = LICENSE.md
		push.cmd = push.cmd
		README.cn.md = README.cn.md
		README.md = README.md
	EndProjectSection
EndProject
Project("{9A19103F-16F7-4668-BE54-9A1E7A4F7556}") = "TypeSharp.Antd", "TypeSharp.Antd\TypeSharp.Antd.csproj", "{5C5A1EDE-6F1F-4BC1-A73F-9935D0CCEDDB}"
EndProject
Project("{2150E333-8FDC-42A3-9474-1A3956D46DE8}") = "Tests", "Tests", "{F9B21760-A8A1-4E48-BDE7-6829BABC532B}"
EndProject
Project("{9A19103F-16F7-4668-BE54-9A1E7A4F7556}") = "TypeSharp.Test", "Tests\TypeSharp.Test\TypeSharp.Test.csproj", "{7FBB07D9-F7D3-432D-88D8-CC854C1B5DB0}"
EndProject
Project("{9A19103F-16F7-4668-BE54-9A1E7A4F7556}") = "TypeSharp.Cli.Test", "Tests\TypeSharp.Cli.Test\TypeSharp.Cli.Test.csproj", "{9B1999EA-AA21-4AD8-A15C-70905553DF83}"
EndProject
Project("{9A19103F-16F7-4668-BE54-9A1E7A4F7556}") = "TypeSharp.Cli", "TypeSharp.Cli\TypeSharp.Cli.csproj", "{D14D3E40-B1FE-499D-9FC6-DED419B0512E}"
EndProject
Global
	GlobalSection(SolutionConfigurationPlatforms) = preSolution
		Debug|Any CPU = Debug|Any CPU
		Debug|x64 = Debug|x64
		Debug|x86 = Debug|x86
		Release|Any CPU = Release|Any CPU
		Release|x64 = Release|x64
		Release|x86 = Release|x86
	EndGlobalSection
	GlobalSection(ProjectConfigurationPlatforms) = postSolution
		{7ADDDECA-5D5C-4994-96F0-C2DD8A7BCDDD}.Debug|Any CPU.ActiveCfg = Debug|Any CPU
		{7ADDDECA-5D5C-4994-96F0-C2DD8A7BCDDD}.Debug|Any CPU.Build.0 = Debug|Any CPU
		{7ADDDECA-5D5C-4994-96F0-C2DD8A7BCDDD}.Debug|x64.ActiveCfg = Debug|Any CPU
		{7ADDDECA-5D5C-4994-96F0-C2DD8A7BCDDD}.Debug|x64.Build.0 = Debug|Any CPU
		{7ADDDECA-5D5C-4994-96F0-C2DD8A7BCDDD}.Debug|x86.ActiveCfg = Debug|Any CPU
		{7ADDDECA-5D5C-4994-96F0-C2DD8A7BCDDD}.Debug|x86.Build.0 = Debug|Any CPU
		{7ADDDECA-5D5C-4994-96F0-C2DD8A7BCDDD}.Release|Any CPU.ActiveCfg = Release|Any CPU
		{7ADDDECA-5D5C-4994-96F0-C2DD8A7BCDDD}.Release|Any CPU.Build.0 = Release|Any CPU
		{7ADDDECA-5D5C-4994-96F0-C2DD8A7BCDDD}.Release|x64.ActiveCfg = Release|Any CPU
		{7ADDDECA-5D5C-4994-96F0-C2DD8A7BCDDD}.Release|x64.Build.0 = Release|Any CPU
		{7ADDDECA-5D5C-4994-96F0-C2DD8A7BCDDD}.Release|x86.ActiveCfg = Release|Any CPU
		{7ADDDECA-5D5C-4994-96F0-C2DD8A7BCDDD}.Release|x86.Build.0 = Release|Any CPU
		{5C5A1EDE-6F1F-4BC1-A73F-9935D0CCEDDB}.Debug|Any CPU.ActiveCfg = Debug|Any CPU
		{5C5A1EDE-6F1F-4BC1-A73F-9935D0CCEDDB}.Debug|Any CPU.Build.0 = Debug|Any CPU
		{5C5A1EDE-6F1F-4BC1-A73F-9935D0CCEDDB}.Debug|x64.ActiveCfg = Debug|Any CPU
		{5C5A1EDE-6F1F-4BC1-A73F-9935D0CCEDDB}.Debug|x64.Build.0 = Debug|Any CPU
		{5C5A1EDE-6F1F-4BC1-A73F-9935D0CCEDDB}.Debug|x86.ActiveCfg = Debug|Any CPU
		{5C5A1EDE-6F1F-4BC1-A73F-9935D0CCEDDB}.Debug|x86.Build.0 = Debug|Any CPU
		{5C5A1EDE-6F1F-4BC1-A73F-9935D0CCEDDB}.Release|Any CPU.ActiveCfg = Release|Any CPU
		{5C5A1EDE-6F1F-4BC1-A73F-9935D0CCEDDB}.Release|Any CPU.Build.0 = Release|Any CPU
		{5C5A1EDE-6F1F-4BC1-A73F-9935D0CCEDDB}.Release|x64.ActiveCfg = Release|Any CPU
		{5C5A1EDE-6F1F-4BC1-A73F-9935D0CCEDDB}.Release|x64.Build.0 = Release|Any CPU
		{5C5A1EDE-6F1F-4BC1-A73F-9935D0CCEDDB}.Release|x86.ActiveCfg = Release|Any CPU
		{5C5A1EDE-6F1F-4BC1-A73F-9935D0CCEDDB}.Release|x86.Build.0 = Release|Any CPU
		{7FBB07D9-F7D3-432D-88D8-CC854C1B5DB0}.Debug|Any CPU.ActiveCfg = Debug|Any CPU
		{7FBB07D9-F7D3-432D-88D8-CC854C1B5DB0}.Debug|Any CPU.Build.0 = Debug|Any CPU
		{7FBB07D9-F7D3-432D-88D8-CC854C1B5DB0}.Debug|x64.ActiveCfg = Debug|Any CPU
		{7FBB07D9-F7D3-432D-88D8-CC854C1B5DB0}.Debug|x64.Build.0 = Debug|Any CPU
		{7FBB07D9-F7D3-432D-88D8-CC854C1B5DB0}.Debug|x86.ActiveCfg = Debug|Any CPU
		{7FBB07D9-F7D3-432D-88D8-CC854C1B5DB0}.Debug|x86.Build.0 = Debug|Any CPU
		{7FBB07D9-F7D3-432D-88D8-CC854C1B5DB0}.Release|Any CPU.ActiveCfg = Release|Any CPU
		{7FBB07D9-F7D3-432D-88D8-CC854C1B5DB0}.Release|Any CPU.Build.0 = Release|Any CPU
		{7FBB07D9-F7D3-432D-88D8-CC854C1B5DB0}.Release|x64.ActiveCfg = Release|Any CPU
		{7FBB07D9-F7D3-432D-88D8-CC854C1B5DB0}.Release|x64.Build.0 = Release|Any CPU
		{7FBB07D9-F7D3-432D-88D8-CC854C1B5DB0}.Release|x86.ActiveCfg = Release|Any CPU
		{7FBB07D9-F7D3-432D-88D8-CC854C1B5DB0}.Release|x86.Build.0 = Release|Any CPU
		{9B1999EA-AA21-4AD8-A15C-70905553DF83}.Debug|Any CPU.ActiveCfg = Debug|Any CPU
		{9B1999EA-AA21-4AD8-A15C-70905553DF83}.Debug|Any CPU.Build.0 = Debug|Any CPU
		{9B1999EA-AA21-4AD8-A15C-70905553DF83}.Debug|x64.ActiveCfg = Debug|Any CPU
		{9B1999EA-AA21-4AD8-A15C-70905553DF83}.Debug|x64.Build.0 = Debug|Any CPU
		{9B1999EA-AA21-4AD8-A15C-70905553DF83}.Debug|x86.ActiveCfg = Debug|Any CPU
		{9B1999EA-AA21-4AD8-A15C-70905553DF83}.Debug|x86.Build.0 = Debug|Any CPU
		{9B1999EA-AA21-4AD8-A15C-70905553DF83}.Release|Any CPU.ActiveCfg = Release|Any CPU
		{9B1999EA-AA21-4AD8-A15C-70905553DF83}.Release|Any CPU.Build.0 = Release|Any CPU
		{9B1999EA-AA21-4AD8-A15C-70905553DF83}.Release|x64.ActiveCfg = Release|Any CPU
		{9B1999EA-AA21-4AD8-A15C-70905553DF83}.Release|x64.Build.0 = Release|Any CPU
		{9B1999EA-AA21-4AD8-A15C-70905553DF83}.Release|x86.ActiveCfg = Release|Any CPU
		{9B1999EA-AA21-4AD8-A15C-70905553DF83}.Release|x86.Build.0 = Release|Any CPU
		{D14D3E40-B1FE-499D-9FC6-DED419B0512E}.Debug|Any CPU.ActiveCfg = Debug|Any CPU
		{D14D3E40-B1FE-499D-9FC6-DED419B0512E}.Debug|Any CPU.Build.0 = Debug|Any CPU
		{D14D3E40-B1FE-499D-9FC6-DED419B0512E}.Debug|x64.ActiveCfg = Debug|Any CPU
		{D14D3E40-B1FE-499D-9FC6-DED419B0512E}.Debug|x64.Build.0 = Debug|Any CPU
		{D14D3E40-B1FE-499D-9FC6-DED419B0512E}.Debug|x86.ActiveCfg = Debug|Any CPU
		{D14D3E40-B1FE-499D-9FC6-DED419B0512E}.Debug|x86.Build.0 = Debug|Any CPU
		{D14D3E40-B1FE-499D-9FC6-DED419B0512E}.Release|Any CPU.ActiveCfg = Release|Any CPU
		{D14D3E40-B1FE-499D-9FC6-DED419B0512E}.Release|Any CPU.Build.0 = Release|Any CPU
		{D14D3E40-B1FE-499D-9FC6-DED419B0512E}.Release|x64.ActiveCfg = Release|Any CPU
		{D14D3E40-B1FE-499D-9FC6-DED419B0512E}.Release|x64.Build.0 = Release|Any CPU
		{D14D3E40-B1FE-499D-9FC6-DED419B0512E}.Release|x86.ActiveCfg = Release|Any CPU
		{D14D3E40-B1FE-499D-9FC6-DED419B0512E}.Release|x86.Build.0 = Release|Any CPU
	EndGlobalSection
	GlobalSection(SolutionProperties) = preSolution
		HideSolutionNode = FALSE
	EndGlobalSection
	GlobalSection(NestedProjects) = preSolution
		{7FBB07D9-F7D3-432D-88D8-CC854C1B5DB0} = {F9B21760-A8A1-4E48-BDE7-6829BABC532B}
		{9B1999EA-AA21-4AD8-A15C-70905553DF83} = {F9B21760-A8A1-4E48-BDE7-6829BABC532B}
	EndGlobalSection
	GlobalSection(ExtensibilityGlobals) = postSolution
		SolutionGuid = {3B0111DD-7D14-4B06-9429-C6F81F1B1D3E}
	EndGlobalSection
EndGlobal
